
Microsoft Visual Studio Solution File, Format Version 12.00
# Visual Studio Version 16
VisualStudioVersion = 16.0.30517.126
MinimumVisualStudioVersion = 10.0.40219.1
Project("{2150E333-8FDC-42A3-9474-1A3956D46DE8}") = "Plugins", "Plugins", "{53CE9880-C210-4FDF-925D-9331C2EAA41F}"
EndProject
Project("{2150E333-8FDC-42A3-9474-1A3956D46DE8}") = "TestPlugin", "TestPlugin", "{1441555A-A97A-493E-9522-5316B7B65A62}"
EndProject
Project("{9A19103F-16F7-4668-BE54-9A1E7A4F7556}") = "SyncIO", "SyncIO\SyncIO.csproj", "{E83E0AF7-B399-4266-B9D3-BED6AC1A8F44}"
EndProject
Project("{FAE04EC0-301F-11D3-BF4B-00C04F79EFBC}") = "SocketNet", "SocketNet\SocketNet.csproj", "{1C60298B-F611-47FC-9B85-4CE5EA06107F}"
EndProject
Project("{FAE04EC0-301F-11D3-BF4B-00C04F79EFBC}") = "SyncIO.Common", "SyncIO.Common\SyncIO.Common.csproj", "{18A8A176-8CA5-4AE2-A6F0-7718599B83B0}"
EndProject
Project("{FAE04EC0-301F-11D3-BF4B-00C04F79EFBC}") = "SyncIO.Tests", "SyncIO.Tests\SyncIO.Tests.csproj", "{A1AF25EC-CF85-4985-8875-5EFF95012815}"
EndProject
Project("{FAE04EC0-301F-11D3-BF4B-00C04F79EFBC}") = "ISyncIOClientPlugin", "Plugins\ISyncIOClientPlugin\ISyncIOClientPlugin.csproj", "{F3162BB2-53D5-45B0-8728-1FF195BB877C}"
EndProject
Project("{FAE04EC0-301F-11D3-BF4B-00C04F79EFBC}") = "ISyncIOServerPlugin", "Plugins\ISyncIOServerPlugin\ISyncIOServerPlugin.csproj", "{B4D94FC6-9552-4FD9-BBEC-6EF15CA9C068}"
EndProject
Project("{FAE04EC0-301F-11D3-BF4B-00C04F79EFBC}") = "SyncIO.Plugins", "SyncIO.Plugins\SyncIO.Plugins.csproj", "{756A8739-F99B-4C98-815E-F4B9B58BD410}"
EndProject
Project("{FAE04EC0-301F-11D3-BF4B-00C04F79EFBC}") = "TestServerPlugin", "Plugins\TestPlugin\TestServerPlugin\TestServerPlugin.csproj", "{A0D9E677-7A4D-47D0-B5BB-B68EA7397B81}"
EndProject
Project("{FAE04EC0-301F-11D3-BF4B-00C04F79EFBC}") = "TestClientPlugin", "Plugins\TestPlugin\TestClientPlugin\TestClientPlugin.csproj", "{ADF54704-4666-4099-95A1-888C58C078E4}"
EndProject
Project("{9A19103F-16F7-4668-BE54-9A1E7A4F7556}") = "Client", "Client\Client.csproj", "{CE162DDD-958B-4CD0-88E8-1CB1F92EC5A4}"
EndProject
Project("{FAE04EC0-301F-11D3-BF4B-00C04F79EFBC}") = "SharedCode", "Plugins\TestPlugin\SharedCode\SharedCode.csproj", "{CD8D6873-270A-4EA4-A668-20C14CA7C457}"
EndProject
Project("{2150E333-8FDC-42A3-9474-1A3956D46DE8}") = "ScreenCapture", "ScreenCapture", "{F8E9620E-4908-4210-9E9D-6748F4870676}"
EndProject
Project("{FAE04EC0-301F-11D3-BF4B-00C04F79EFBC}") = "ScreenCaptureServerPlugin", "Plugins\ScreenCapture\ScreenCaptureServerPlugin\ScreenCaptureServerPlugin.csproj", "{67CDC115-CCC4-47BA-9449-F5A3C6263D0A}"
EndProject
Project("{FAE04EC0-301F-11D3-BF4B-00C04F79EFBC}") = "ScreenCaptureClientPlugin", "Plugins\ScreenCapture\ScreenCaptureClientPlugin\ScreenCaptureClientPlugin.csproj", "{EC2906DE-5101-4912-9B2B-F45B10A3B99A}"
EndProject
Project("{FAE04EC0-301F-11D3-BF4B-00C04F79EFBC}") = "SharedCode", "Plugins\ScreenCapture\SharedCode\SharedCode.csproj", "{5445C904-5121-43A1-A3F5-22CFF6D03700}"
EndProject
Project("{2150E333-8FDC-42A3-9474-1A3956D46DE8}") = "Terminal", "Terminal", "{5DF22D04-9948-42DF-96BE-2347D7C9D50F}"
EndProject
Project("{FAE04EC0-301F-11D3-BF4B-00C04F79EFBC}") = "TerminalServerPlugin", "Plugins\Terminal\TerminalServerPlugin\TerminalServerPlugin.csproj", "{6D4557C5-2691-44E0-A077-209AA667B41F}"
EndProject
Project("{FAE04EC0-301F-11D3-BF4B-00C04F79EFBC}") = "TerminalClientPlugin", "Plugins\Terminal\TerminalClientPlugin\TerminalClientPlugin.csproj", "{B32922C5-6E96-463B-8D5E-80BF58CCFD02}"
EndProject
Project("{FAE04EC0-301F-11D3-BF4B-00C04F79EFBC}") = "SharedCode", "Plugins\Terminal\SharedCode\SharedCode.csproj", "{60FC5EBE-E565-4D63-864C-19BA88514D31}"
EndProject
Project("{2150E333-8FDC-42A3-9474-1A3956D46DE8}") = "FileManager", "FileManager", "{82BCBB7F-54AE-4568-A5C1-5C8EC9E6EAB3}"
EndProject
Project("{FAE04EC0-301F-11D3-BF4B-00C04F79EFBC}") = "FileManagerServerPlugin", "Plugins\FileManager\FileManagerServerPlugin\FileManagerServerPlugin.csproj", "{A3C11F14-1FB4-46C3-B535-1E88C2125CE7}"
EndProject
Project("{FAE04EC0-301F-11D3-BF4B-00C04F79EFBC}") = "FileManagerClientPlugin", "Plugins\FileManager\FileManagerClientPlugin\FileManagerClientPlugin.csproj", "{5FDD7E4B-BB54-4941-B040-C674CFAC584E}"
EndProject
Project("{FAE04EC0-301F-11D3-BF4B-00C04F79EFBC}") = "SharedCode", "Plugins\FileManager\SharedCode\SharedCode.csproj", "{AC95F4A8-5481-444B-BA23-AA616BF5621A}"
EndProject
Project("{2150E333-8FDC-42A3-9474-1A3956D46DE8}") = "TaskManager", "TaskManager", "{B66A2C0E-1F39-4C89-960C-FDB598F756B0}"
EndProject
Project("{FAE04EC0-301F-11D3-BF4B-00C04F79EFBC}") = "TaskManagerClientPlugin", "Plugins\TaskManager\TaskManagerClientPlugin\TaskManagerClientPlugin.csproj", "{32235C3D-5A49-4230-B25D-DE7F9176FD09}"
EndProject
Project("{FAE04EC0-301F-11D3-BF4B-00C04F79EFBC}") = "TaskManagerServerPlugin", "Plugins\TaskManager\TaskManagerServerPlugin\TaskManagerServerPlugin.csproj", "{2EA73D0B-59CE-4ACF-ACB7-8273F87D4E4D}"
EndProject
Project("{FAE04EC0-301F-11D3-BF4B-00C04F79EFBC}") = "SharedCode", "Plugins\TaskManager\SharedCode\SharedCode.csproj", "{DE29830C-364E-4AA8-9D3C-D0E90D397676}"
EndProject
Project("{2150E333-8FDC-42A3-9474-1A3956D46DE8}") = "Chat", "Chat", "{4C0BE55D-70C7-4E06-95B7-2561051278A6}"
EndProject
Project("{9A19103F-16F7-4668-BE54-9A1E7A4F7556}") = "ChatClientPlugin", "Plugins\Chat\ChatClientPlugin\ChatClientPlugin.csproj", "{039236E4-F41A-452C-AF0E-7E253F6F824F}"
EndProject
Project("{FAE04EC0-301F-11D3-BF4B-00C04F79EFBC}") = "SharedCode", "Plugins\Chat\SharedCode\SharedCode.csproj", "{70569400-917B-48F1-88A6-64E7518E63A9}"
EndProject
Project("{FAE04EC0-301F-11D3-BF4B-00C04F79EFBC}") = "ChatServerPlugin", "Plugins\Chat\ChatServerPlugin\ChatServerPlugin.csproj", "{28F1A6FB-94C1-4A40-8FA1-84D9AC14D7CE}"
EndProject
Global
	GlobalSection(SolutionConfigurationPlatforms) = preSolution
		Debug|Any CPU = Debug|Any CPU
		Release|Any CPU = Release|Any CPU
	EndGlobalSection
	GlobalSection(ProjectConfigurationPlatforms) = postSolution
		{E83E0AF7-B399-4266-B9D3-BED6AC1A8F44}.Debug|Any CPU.ActiveCfg = Debug|Any CPU
		{E83E0AF7-B399-4266-B9D3-BED6AC1A8F44}.Debug|Any CPU.Build.0 = Debug|Any CPU
		{E83E0AF7-B399-4266-B9D3-BED6AC1A8F44}.Release|Any CPU.ActiveCfg = Release|Any CPU
		{E83E0AF7-B399-4266-B9D3-BED6AC1A8F44}.Release|Any CPU.Build.0 = Release|Any CPU
		{1C60298B-F611-47FC-9B85-4CE5EA06107F}.Debug|Any CPU.ActiveCfg = Debug|Any CPU
		{1C60298B-F611-47FC-9B85-4CE5EA06107F}.Debug|Any CPU.Build.0 = Debug|Any CPU
		{1C60298B-F611-47FC-9B85-4CE5EA06107F}.Release|Any CPU.ActiveCfg = Release|Any CPU
		{1C60298B-F611-47FC-9B85-4CE5EA06107F}.Release|Any CPU.Build.0 = Release|Any CPU
		{18A8A176-8CA5-4AE2-A6F0-7718599B83B0}.Debug|Any CPU.ActiveCfg = Debug|Any CPU
		{18A8A176-8CA5-4AE2-A6F0-7718599B83B0}.Debug|Any CPU.Build.0 = Debug|Any CPU
		{18A8A176-8CA5-4AE2-A6F0-7718599B83B0}.Release|Any CPU.ActiveCfg = Release|Any CPU
		{18A8A176-8CA5-4AE2-A6F0-7718599B83B0}.Release|Any CPU.Build.0 = Release|Any CPU
		{A1AF25EC-CF85-4985-8875-5EFF95012815}.Debug|Any CPU.ActiveCfg = Debug|Any CPU
		{A1AF25EC-CF85-4985-8875-5EFF95012815}.Debug|Any CPU.Build.0 = Debug|Any CPU
		{A1AF25EC-CF85-4985-8875-5EFF95012815}.Release|Any CPU.ActiveCfg = Release|Any CPU
		{A1AF25EC-CF85-4985-8875-5EFF95012815}.Release|Any CPU.Build.0 = Release|Any CPU
		{F3162BB2-53D5-45B0-8728-1FF195BB877C}.Debug|Any CPU.ActiveCfg = Debug|Any CPU
		{F3162BB2-53D5-45B0-8728-1FF195BB877C}.Debug|Any CPU.Build.0 = Debug|Any CPU
		{F3162BB2-53D5-45B0-8728-1FF195BB877C}.Release|Any CPU.ActiveCfg = Release|Any CPU
		{F3162BB2-53D5-45B0-8728-1FF195BB877C}.Release|Any CPU.Build.0 = Release|Any CPU
		{B4D94FC6-9552-4FD9-BBEC-6EF15CA9C068}.Debug|Any CPU.ActiveCfg = Debug|Any CPU
		{B4D94FC6-9552-4FD9-BBEC-6EF15CA9C068}.Debug|Any CPU.Build.0 = Debug|Any CPU
		{B4D94FC6-9552-4FD9-BBEC-6EF15CA9C068}.Release|Any CPU.ActiveCfg = Release|Any CPU
		{B4D94FC6-9552-4FD9-BBEC-6EF15CA9C068}.Release|Any CPU.Build.0 = Release|Any CPU
		{756A8739-F99B-4C98-815E-F4B9B58BD410}.Debug|Any CPU.ActiveCfg = Debug|Any CPU
		{756A8739-F99B-4C98-815E-F4B9B58BD410}.Debug|Any CPU.Build.0 = Debug|Any CPU
		{756A8739-F99B-4C98-815E-F4B9B58BD410}.Release|Any CPU.ActiveCfg = Release|Any CPU
		{756A8739-F99B-4C98-815E-F4B9B58BD410}.Release|Any CPU.Build.0 = Release|Any CPU
		{A0D9E677-7A4D-47D0-B5BB-B68EA7397B81}.Debug|Any CPU.ActiveCfg = Debug|Any CPU
		{A0D9E677-7A4D-47D0-B5BB-B68EA7397B81}.Debug|Any CPU.Build.0 = Debug|Any CPU
		{A0D9E677-7A4D-47D0-B5BB-B68EA7397B81}.Release|Any CPU.ActiveCfg = Release|Any CPU
		{A0D9E677-7A4D-47D0-B5BB-B68EA7397B81}.Release|Any CPU.Build.0 = Release|Any CPU
		{ADF54704-4666-4099-95A1-888C58C078E4}.Debug|Any CPU.ActiveCfg = Debug|Any CPU
		{ADF54704-4666-4099-95A1-888C58C078E4}.Debug|Any CPU.Build.0 = Debug|Any CPU
		{ADF54704-4666-4099-95A1-888C58C078E4}.Release|Any CPU.ActiveCfg = Release|Any CPU
		{ADF54704-4666-4099-95A1-888C58C078E4}.Release|Any CPU.Build.0 = Release|Any CPU
		{CE162DDD-958B-4CD0-88E8-1CB1F92EC5A4}.Debug|Any CPU.ActiveCfg = Debug|Any CPU
		{CE162DDD-958B-4CD0-88E8-1CB1F92EC5A4}.Debug|Any CPU.Build.0 = Debug|Any CPU
		{CE162DDD-958B-4CD0-88E8-1CB1F92EC5A4}.Release|Any CPU.ActiveCfg = Release|Any CPU
		{CE162DDD-958B-4CD0-88E8-1CB1F92EC5A4}.Release|Any CPU.Build.0 = Release|Any CPU
		{CD8D6873-270A-4EA4-A668-20C14CA7C457}.Debug|Any CPU.ActiveCfg = Debug|Any CPU
		{CD8D6873-270A-4EA4-A668-20C14CA7C457}.Debug|Any CPU.Build.0 = Debug|Any CPU
		{CD8D6873-270A-4EA4-A668-20C14CA7C457}.Release|Any CPU.ActiveCfg = Release|Any CPU
		{CD8D6873-270A-4EA4-A668-20C14CA7C457}.Release|Any CPU.Build.0 = Release|Any CPU
		{67CDC115-CCC4-47BA-9449-F5A3C6263D0A}.Debug|Any CPU.ActiveCfg = Debug|Any CPU
		{67CDC115-CCC4-47BA-9449-F5A3C6263D0A}.Debug|Any CPU.Build.0 = Debug|Any CPU
		{67CDC115-CCC4-47BA-9449-F5A3C6263D0A}.Release|Any CPU.ActiveCfg = Release|Any CPU
		{67CDC115-CCC4-47BA-9449-F5A3C6263D0A}.Release|Any CPU.Build.0 = Release|Any CPU
		{EC2906DE-5101-4912-9B2B-F45B10A3B99A}.Debug|Any CPU.ActiveCfg = Debug|Any CPU
		{EC2906DE-5101-4912-9B2B-F45B10A3B99A}.Debug|Any CPU.Build.0 = Debug|Any CPU
		{EC2906DE-5101-4912-9B2B-F45B10A3B99A}.Release|Any CPU.ActiveCfg = Release|Any CPU
		{EC2906DE-5101-4912-9B2B-F45B10A3B99A}.Release|Any CPU.Build.0 = Release|Any CPU
		{5445C904-5121-43A1-A3F5-22CFF6D03700}.Debug|Any CPU.ActiveCfg = Debug|Any CPU
		{5445C904-5121-43A1-A3F5-22CFF6D03700}.Debug|Any CPU.Build.0 = Debug|Any CPU
		{5445C904-5121-43A1-A3F5-22CFF6D03700}.Release|Any CPU.ActiveCfg = Release|Any CPU
		{5445C904-5121-43A1-A3F5-22CFF6D03700}.Release|Any CPU.Build.0 = Release|Any CPU
		{6D4557C5-2691-44E0-A077-209AA667B41F}.Debug|Any CPU.ActiveCfg = Debug|Any CPU
		{6D4557C5-2691-44E0-A077-209AA667B41F}.Debug|Any CPU.Build.0 = Debug|Any CPU
		{6D4557C5-2691-44E0-A077-209AA667B41F}.Release|Any CPU.ActiveCfg = Release|Any CPU
		{6D4557C5-2691-44E0-A077-209AA667B41F}.Release|Any CPU.Build.0 = Release|Any CPU
		{B32922C5-6E96-463B-8D5E-80BF58CCFD02}.Debug|Any CPU.ActiveCfg = Debug|Any CPU
		{B32922C5-6E96-463B-8D5E-80BF58CCFD02}.Debug|Any CPU.Build.0 = Debug|Any CPU
		{B32922C5-6E96-463B-8D5E-80BF58CCFD02}.Release|Any CPU.ActiveCfg = Release|Any CPU
		{B32922C5-6E96-463B-8D5E-80BF58CCFD02}.Release|Any CPU.Build.0 = Release|Any CPU
		{60FC5EBE-E565-4D63-864C-19BA88514D31}.Debug|Any CPU.ActiveCfg = Debug|Any CPU
		{60FC5EBE-E565-4D63-864C-19BA88514D31}.Debug|Any CPU.Build.0 = Debug|Any CPU
		{60FC5EBE-E565-4D63-864C-19BA88514D31}.Release|Any CPU.ActiveCfg = Release|Any CPU
		{60FC5EBE-E565-4D63-864C-19BA88514D31}.Release|Any CPU.Build.0 = Release|Any CPU
		{A3C11F14-1FB4-46C3-B535-1E88C2125CE7}.Debug|Any CPU.ActiveCfg = Debug|Any CPU
		{A3C11F14-1FB4-46C3-B535-1E88C2125CE7}.Debug|Any CPU.Build.0 = Debug|Any CPU
		{A3C11F14-1FB4-46C3-B535-1E88C2125CE7}.Release|Any CPU.ActiveCfg = Release|Any CPU
		{A3C11F14-1FB4-46C3-B535-1E88C2125CE7}.Release|Any CPU.Build.0 = Release|Any CPU
		{5FDD7E4B-BB54-4941-B040-C674CFAC584E}.Debug|Any CPU.ActiveCfg = Debug|Any CPU
		{5FDD7E4B-BB54-4941-B040-C674CFAC584E}.Debug|Any CPU.Build.0 = Debug|Any CPU
		{5FDD7E4B-BB54-4941-B040-C674CFAC584E}.Release|Any CPU.ActiveCfg = Release|Any CPU
		{5FDD7E4B-BB54-4941-B040-C674CFAC584E}.Release|Any CPU.Build.0 = Release|Any CPU
		{AC95F4A8-5481-444B-BA23-AA616BF5621A}.Debug|Any CPU.ActiveCfg = Debug|Any CPU
		{AC95F4A8-5481-444B-BA23-AA616BF5621A}.Debug|Any CPU.Build.0 = Debug|Any CPU
		{AC95F4A8-5481-444B-BA23-AA616BF5621A}.Release|Any CPU.ActiveCfg = Release|Any CPU
		{AC95F4A8-5481-444B-BA23-AA616BF5621A}.Release|Any CPU.Build.0 = Release|Any CPU
		{32235C3D-5A49-4230-B25D-DE7F9176FD09}.Debug|Any CPU.ActiveCfg = Debug|Any CPU
		{32235C3D-5A49-4230-B25D-DE7F9176FD09}.Debug|Any CPU.Build.0 = Debug|Any CPU
		{32235C3D-5A49-4230-B25D-DE7F9176FD09}.Release|Any CPU.ActiveCfg = Release|Any CPU
		{32235C3D-5A49-4230-B25D-DE7F9176FD09}.Release|Any CPU.Build.0 = Release|Any CPU
		{2EA73D0B-59CE-4ACF-ACB7-8273F87D4E4D}.Debug|Any CPU.ActiveCfg = Debug|Any CPU
		{2EA73D0B-59CE-4ACF-ACB7-8273F87D4E4D}.Debug|Any CPU.Build.0 = Debug|Any CPU
		{2EA73D0B-59CE-4ACF-ACB7-8273F87D4E4D}.Release|Any CPU.ActiveCfg = Release|Any CPU
		{2EA73D0B-59CE-4ACF-ACB7-8273F87D4E4D}.Release|Any CPU.Build.0 = Release|Any CPU
		{DE29830C-364E-4AA8-9D3C-D0E90D397676}.Debug|Any CPU.ActiveCfg = Debug|Any CPU
		{DE29830C-364E-4AA8-9D3C-D0E90D397676}.Debug|Any CPU.Build.0 = Debug|Any CPU
		{DE29830C-364E-4AA8-9D3C-D0E90D397676}.Release|Any CPU.ActiveCfg = Release|Any CPU
		{DE29830C-364E-4AA8-9D3C-D0E90D397676}.Release|Any CPU.Build.0 = Release|Any CPU
		{039236E4-F41A-452C-AF0E-7E253F6F824F}.Debug|Any CPU.ActiveCfg = Debug|Any CPU
		{039236E4-F41A-452C-AF0E-7E253F6F824F}.Debug|Any CPU.Build.0 = Debug|Any CPU
		{039236E4-F41A-452C-AF0E-7E253F6F824F}.Release|Any CPU.ActiveCfg = Release|Any CPU
		{039236E4-F41A-452C-AF0E-7E253F6F824F}.Release|Any CPU.Build.0 = Release|Any CPU
		{70569400-917B-48F1-88A6-64E7518E63A9}.Debug|Any CPU.ActiveCfg = Debug|Any CPU
		{70569400-917B-48F1-88A6-64E7518E63A9}.Debug|Any CPU.Build.0 = Debug|Any CPU
		{70569400-917B-48F1-88A6-64E7518E63A9}.Release|Any CPU.ActiveCfg = Release|Any CPU
		{70569400-917B-48F1-88A6-64E7518E63A9}.Release|Any CPU.Build.0 = Release|Any CPU
		{28F1A6FB-94C1-4A40-8FA1-84D9AC14D7CE}.Debug|Any CPU.ActiveCfg = Debug|Any CPU
		{28F1A6FB-94C1-4A40-8FA1-84D9AC14D7CE}.Debug|Any CPU.Build.0 = Debug|Any CPU
		{28F1A6FB-94C1-4A40-8FA1-84D9AC14D7CE}.Release|Any CPU.ActiveCfg = Release|Any CPU
		{28F1A6FB-94C1-4A40-8FA1-84D9AC14D7CE}.Release|Any CPU.Build.0 = Release|Any CPU
	EndGlobalSection
	GlobalSection(SolutionProperties) = preSolution
		HideSolutionNode = FALSE
	EndGlobalSection
	GlobalSection(NestedProjects) = preSolution
		{1441555A-A97A-493E-9522-5316B7B65A62} = {53CE9880-C210-4FDF-925D-9331C2EAA41F}
		{F3162BB2-53D5-45B0-8728-1FF195BB877C} = {53CE9880-C210-4FDF-925D-9331C2EAA41F}
		{B4D94FC6-9552-4FD9-BBEC-6EF15CA9C068} = {53CE9880-C210-4FDF-925D-9331C2EAA41F}
		{A0D9E677-7A4D-47D0-B5BB-B68EA7397B81} = {1441555A-A97A-493E-9522-5316B7B65A62}
		{ADF54704-4666-4099-95A1-888C58C078E4} = {1441555A-A97A-493E-9522-5316B7B65A62}
		{CD8D6873-270A-4EA4-A668-20C14CA7C457} = {1441555A-A97A-493E-9522-5316B7B65A62}
		{F8E9620E-4908-4210-9E9D-6748F4870676} = {53CE9880-C210-4FDF-925D-9331C2EAA41F}
		{67CDC115-CCC4-47BA-9449-F5A3C6263D0A} = {F8E9620E-4908-4210-9E9D-6748F4870676}
		{EC2906DE-5101-4912-9B2B-F45B10A3B99A} = {F8E9620E-4908-4210-9E9D-6748F4870676}
		{5445C904-5121-43A1-A3F5-22CFF6D03700} = {F8E9620E-4908-4210-9E9D-6748F4870676}
		{5DF22D04-9948-42DF-96BE-2347D7C9D50F} = {53CE9880-C210-4FDF-925D-9331C2EAA41F}
		{6D4557C5-2691-44E0-A077-209AA667B41F} = {5DF22D04-9948-42DF-96BE-2347D7C9D50F}
		{B32922C5-6E96-463B-8D5E-80BF58CCFD02} = {5DF22D04-9948-42DF-96BE-2347D7C9D50F}
		{60FC5EBE-E565-4D63-864C-19BA88514D31} = {5DF22D04-9948-42DF-96BE-2347D7C9D50F}
		{82BCBB7F-54AE-4568-A5C1-5C8EC9E6EAB3} = {53CE9880-C210-4FDF-925D-9331C2EAA41F}
		{A3C11F14-1FB4-46C3-B535-1E88C2125CE7} = {82BCBB7F-54AE-4568-A5C1-5C8EC9E6EAB3}
		{5FDD7E4B-BB54-4941-B040-C674CFAC584E} = {82BCBB7F-54AE-4568-A5C1-5C8EC9E6EAB3}
		{AC95F4A8-5481-444B-BA23-AA616BF5621A} = {82BCBB7F-54AE-4568-A5C1-5C8EC9E6EAB3}
		{B66A2C0E-1F39-4C89-960C-FDB598F756B0} = {53CE9880-C210-4FDF-925D-9331C2EAA41F}
		{32235C3D-5A49-4230-B25D-DE7F9176FD09} = {B66A2C0E-1F39-4C89-960C-FDB598F756B0}
		{2EA73D0B-59CE-4ACF-ACB7-8273F87D4E4D} = {B66A2C0E-1F39-4C89-960C-FDB598F756B0}
		{DE29830C-364E-4AA8-9D3C-D0E90D397676} = {B66A2C0E-1F39-4C89-960C-FDB598F756B0}
		{4C0BE55D-70C7-4E06-95B7-2561051278A6} = {53CE9880-C210-4FDF-925D-9331C2EAA41F}
		{039236E4-F41A-452C-AF0E-7E253F6F824F} = {4C0BE55D-70C7-4E06-95B7-2561051278A6}
		{70569400-917B-48F1-88A6-64E7518E63A9} = {4C0BE55D-70C7-4E06-95B7-2561051278A6}
		{28F1A6FB-94C1-4A40-8FA1-84D9AC14D7CE} = {4C0BE55D-70C7-4E06-95B7-2561051278A6}
	EndGlobalSection
	GlobalSection(ExtensibilityGlobals) = postSolution
		SolutionGuid = {46D13D98-60F8-4DD8-AA0B-797E3B68D1EB}
	EndGlobalSection
EndGlobal
