
Microsoft Visual Studio Solution File, Format Version 12.00
# Visual Studio 14
VisualStudioVersion = 14.0.25420.1
MinimumVisualStudioVersion = 10.0.40219.1
Project("{FAE04EC0-301F-11D3-BF4B-00C04F79EFBC}") = "SyncIO", "SyncIO\SyncIO.csproj", "{C3FAB64B-A089-4E7A-8B94-FF7AE532986A}"
EndProject
Global
	GlobalSection(SolutionConfigurationPlatforms) = preSolution
		Debug|Any CPU = Debug|Any CPU
		Release|Any CPU = Release|Any CPU
	EndGlobalSection
	GlobalSection(ProjectConfigurationPlatforms) = postSolution
		{C3FAB64B-A089-4E7A-8B94-FF7AE532986A}.Debug|Any CPU.ActiveCfg = Debug|Any CPU
		{C3FAB64B-A089-4E7A-8B94-FF7AE532986A}.Debug|Any CPU.Build.0 = Debug|Any CPU
		{C3FAB64B-A089-4E7A-8B94-FF7AE532986A}.Release|Any CPU.ActiveCfg = Release|Any CPU
		{C3FAB64B-A089-4E7A-8B94-FF7AE532986A}.Release|Any CPU.Build.0 = Release|Any CPU
	EndGlobalSection
	GlobalSection(SolutionProperties) = preSolution
		HideSolutionNode = FALSE
	EndGlobalSection
EndGlobal
