
Microsoft Visual Studio Solution File, Format Version 12.00
# Visual Studio 15
VisualStudioVersion = 15.0.27428.2037
MinimumVisualStudioVersion = 10.0.40219.1
Project("{9A19103F-16F7-4668-BE54-9A1E7A4F7556}") = "SyncIO", "SyncIO\SyncIO.csproj", "{E83E0AF7-B399-4266-B9D3-BED6AC1A8F44}"
EndProject
Project("{FAE04EC0-301F-11D3-BF4B-00C04F79EFBC}") = "ChatClient", "ChatClient\ChatClient.csproj", "{3DBD8CC3-2362-4C66-9994-D1547107E372}"
EndProject
Project("{FAE04EC0-301F-11D3-BF4B-00C04F79EFBC}") = "ChatServer", "ChatServer\ChatServer.csproj", "{1C60298B-F611-47FC-9B85-4CE5EA06107F}"
EndProject
Project("{FAE04EC0-301F-11D3-BF4B-00C04F79EFBC}") = "SyncIO.Common", "SyncIO.Common\SyncIO.Common.csproj", "{18A8A176-8CA5-4AE2-A6F0-7718599B83B0}"
EndProject
Project("{FAE04EC0-301F-11D3-BF4B-00C04F79EFBC}") = "SyncIO.Tests", "SyncIO.Tests\SyncIO.Tests.csproj", "{A1AF25EC-CF85-4985-8875-5EFF95012815}"
EndProject
Global
	GlobalSection(SolutionConfigurationPlatforms) = preSolution
		Debug|Any CPU = Debug|Any CPU
		Release|Any CPU = Release|Any CPU
	EndGlobalSection
	GlobalSection(ProjectConfigurationPlatforms) = postSolution
		{E83E0AF7-B399-4266-B9D3-BED6AC1A8F44}.Debug|Any CPU.ActiveCfg = Debug|Any CPU
		{E83E0AF7-B399-4266-B9D3-BED6AC1A8F44}.Debug|Any CPU.Build.0 = Debug|Any CPU
		{E83E0AF7-B399-4266-B9D3-BED6AC1A8F44}.Release|Any CPU.ActiveCfg = Release|Any CPU
		{E83E0AF7-B399-4266-B9D3-BED6AC1A8F44}.Release|Any CPU.Build.0 = Release|Any CPU
		{3DBD8CC3-2362-4C66-9994-D1547107E372}.Debug|Any CPU.ActiveCfg = Debug|Any CPU
		{3DBD8CC3-2362-4C66-9994-D1547107E372}.Debug|Any CPU.Build.0 = Debug|Any CPU
		{3DBD8CC3-2362-4C66-9994-D1547107E372}.Release|Any CPU.ActiveCfg = Release|Any CPU
		{3DBD8CC3-2362-4C66-9994-D1547107E372}.Release|Any CPU.Build.0 = Release|Any CPU
		{1C60298B-F611-47FC-9B85-4CE5EA06107F}.Debug|Any CPU.ActiveCfg = Debug|Any CPU
		{1C60298B-F611-47FC-9B85-4CE5EA06107F}.Debug|Any CPU.Build.0 = Debug|Any CPU
		{1C60298B-F611-47FC-9B85-4CE5EA06107F}.Release|Any CPU.ActiveCfg = Release|Any CPU
		{1C60298B-F611-47FC-9B85-4CE5EA06107F}.Release|Any CPU.Build.0 = Release|Any CPU
		{18A8A176-8CA5-4AE2-A6F0-7718599B83B0}.Debug|Any CPU.ActiveCfg = Debug|Any CPU
		{18A8A176-8CA5-4AE2-A6F0-7718599B83B0}.Debug|Any CPU.Build.0 = Debug|Any CPU
		{18A8A176-8CA5-4AE2-A6F0-7718599B83B0}.Release|Any CPU.ActiveCfg = Release|Any CPU
		{18A8A176-8CA5-4AE2-A6F0-7718599B83B0}.Release|Any CPU.Build.0 = Release|Any CPU
		{A1AF25EC-CF85-4985-8875-5EFF95012815}.Debug|Any CPU.ActiveCfg = Debug|Any CPU
		{A1AF25EC-CF85-4985-8875-5EFF95012815}.Debug|Any CPU.Build.0 = Debug|Any CPU
		{A1AF25EC-CF85-4985-8875-5EFF95012815}.Release|Any CPU.ActiveCfg = Release|Any CPU
		{A1AF25EC-CF85-4985-8875-5EFF95012815}.Release|Any CPU.Build.0 = Release|Any CPU
	EndGlobalSection
	GlobalSection(SolutionProperties) = preSolution
		HideSolutionNode = FALSE
	EndGlobalSection
	GlobalSection(ExtensibilityGlobals) = postSolution
		SolutionGuid = {46D13D98-60F8-4DD8-AA0B-797E3B68D1EB}
	EndGlobalSection
EndGlobal
